
Microsoft Visual Studio Solution File, Format Version 12.00
# Visual Studio Version 17
VisualStudioVersion = 17.14.36301.6
MinimumVisualStudioVersion = 10.0.40219.1
Project("{FAE04EC0-301F-11D3-BF4B-00C04F79EFBC}") = "ReportAISummary.API", "ReportAISummary.API\ReportAISummary.API.csproj", "{0B7CED2E-BD7E-4FD0-A07C-13F9EF54A6D9}"
EndProject
Project("{2150E333-8FDC-42A3-9474-1A3956D46DE8}") = "Configs", "Configs", "{02EA681E-C7D8-13C7-8484-4AC65E1B71E8}"
	ProjectSection(SolutionItems) = preProject
		supported-repos.json = supported-repos.json
	EndProjectSection
EndProject
Project("{FAE04EC0-301F-11D3-BF4B-00C04F79EFBC}") = "ReportAISummary.Mcp.Client", "ReportAISummary.Mcp.Client\ReportAISummary.Mcp.Client.csproj", "{24C6D20A-938B-5C57-DA66-5C4DA1B45533}"
EndProject
Global
	GlobalSection(SolutionConfigurationPlatforms) = preSolution
		Debug|Any CPU = Debug|Any CPU
		Release|Any CPU = Release|Any CPU
	EndGlobalSection
	GlobalSection(ProjectConfigurationPlatforms) = postSolution
		{0B7CED2E-BD7E-4FD0-A07C-13F9EF54A6D9}.Debug|Any CPU.ActiveCfg = Debug|Any CPU
		{0B7CED2E-BD7E-4FD0-A07C-13F9EF54A6D9}.Debug|Any CPU.Build.0 = Debug|Any CPU
		{0B7CED2E-BD7E-4FD0-A07C-13F9EF54A6D9}.Release|Any CPU.ActiveCfg = Release|Any CPU
		{0B7CED2E-BD7E-4FD0-A07C-13F9EF54A6D9}.Release|Any CPU.Build.0 = Release|Any CPU
		{24C6D20A-938B-5C57-DA66-5C4DA1B45533}.Debug|Any CPU.ActiveCfg = Debug|Any CPU
		{24C6D20A-938B-5C57-DA66-5C4DA1B45533}.Debug|Any CPU.Build.0 = Debug|Any CPU
		{24C6D20A-938B-5C57-DA66-5C4DA1B45533}.Release|Any CPU.ActiveCfg = Release|Any CPU
		{24C6D20A-938B-5C57-DA66-5C4DA1B45533}.Release|Any CPU.Build.0 = Release|Any CPU
	EndGlobalSection
	GlobalSection(SolutionProperties) = preSolution
		HideSolutionNode = FALSE
	EndGlobalSection
	GlobalSection(ExtensibilityGlobals) = postSolution
		SolutionGuid = {F53D3DAE-2D30-47C8-956A-AA5417E5383A}
	EndGlobalSection
EndGlobal
